
Microsoft Visual Studio Solution File, Format Version 12.00
# Visual Studio Version 17
VisualStudioVersion = 17.13.35825.156 d17.13
MinimumVisualStudioVersion = 10.0.40219.1
Project("{FAE04EC0-301F-11D3-BF4B-00C04F79EFBC}") = "CollectionViewApp", "CollectionViewApp.csproj", "{702FFC10-02B2-4D41-85D0-69BA81C8991C}"
EndProject
Global
	GlobalSection(SolutionConfigurationPlatforms) = preSolution
		Debug|Any CPU = Debug|Any CPU
		Release|Any CPU = Release|Any CPU
	EndGlobalSection
	GlobalSection(ProjectConfigurationPlatforms) = postSolution
		{702FFC10-02B2-4D41-85D0-69BA81C8991C}.Debug|Any CPU.ActiveCfg = Debug|Any CPU
		{702FFC10-02B2-4D41-85D0-69BA81C8991C}.Debug|Any CPU.Build.0 = Debug|Any CPU
		{702FFC10-02B2-4D41-85D0-69BA81C8991C}.Release|Any CPU.ActiveCfg = Release|Any CPU
		{702FFC10-02B2-4D41-85D0-69BA81C8991C}.Release|Any CPU.Build.0 = Release|Any CPU
	EndGlobalSection
	GlobalSection(SolutionProperties) = preSolution
		HideSolutionNode = FALSE
	EndGlobalSection
	GlobalSection(ExtensibilityGlobals) = postSolution
		SolutionGuid = {63B96FD1-501B-46EA-B041-E29E1EADB556}
	EndGlobalSection
EndGlobal
